
Microsoft Visual Studio Solution File, Format Version 12.00
# Visual Studio Version 17
VisualStudioVersion = 17.5.33530.505
MinimumVisualStudioVersion = 10.0.40219.1
Project("{FAE04EC0-301F-11D3-BF4B-00C04F79EFBC}") = "FlowCardTest", "FlowCardTest\FlowCardTest.csproj", "{79B52B41-A3F2-4179-92B5-777C83B0FFCD}"
EndProject
Global
	GlobalSection(SolutionConfigurationPlatforms) = preSolution
		Debug|Any CPU = Debug|Any CPU
		Release|Any CPU = Release|Any CPU
	EndGlobalSection
	GlobalSection(ProjectConfigurationPlatforms) = postSolution
		{79B52B41-A3F2-4179-92B5-777C83B0FFCD}.Debug|Any CPU.ActiveCfg = Debug|Any CPU
		{79B52B41-A3F2-4179-92B5-777C83B0FFCD}.Debug|Any CPU.Build.0 = Debug|Any CPU
		{79B52B41-A3F2-4179-92B5-777C83B0FFCD}.Release|Any CPU.ActiveCfg = Release|Any CPU
		{79B52B41-A3F2-4179-92B5-777C83B0FFCD}.Release|Any CPU.Build.0 = Release|Any CPU
	EndGlobalSection
	GlobalSection(SolutionProperties) = preSolution
		HideSolutionNode = FALSE
	EndGlobalSection
	GlobalSection(ExtensibilityGlobals) = postSolution
		SolutionGuid = {E31C3951-A791-4B32-A840-52A54E26267F}
	EndGlobalSection
EndGlobal
